
Microsoft Visual Studio Solution File, Format Version 11.00
# Visual Studio 2010
Project("{8BC9CEB8-8B4A-11D0-8D11-00A0C91BC942}") = "RobotSwarmDLL", "RobotSwarmDLL.vcxproj", "{FE80B75A-1A63-4110-BB88-55F7F7BE1676}"
EndProject
Project("{FAE04EC0-301F-11D3-BF4B-00C04F79EFBC}") = "RobotSwarmGUI", "..\RobotSwarmGUI\RobotSwarmGUI.csproj", "{F299B81E-08FD-400E-A712-37FDED46F6CC}"
	ProjectSection(ProjectDependencies) = postProject
		{FE80B75A-1A63-4110-BB88-55F7F7BE1676} = {FE80B75A-1A63-4110-BB88-55F7F7BE1676}
	EndProjectSection
EndProject
Project("{2150E333-8FDC-42A3-9474-1A3956D46DE8}") = "Solution Items", "Solution Items", "{0F1FC252-FCA9-4A09-B7E6-24B781FFF872}"
EndProject
Global
	GlobalSection(TestCaseManagementSettings) = postSolution
		CategoryFile = RobotSwarmDLL.vsmdi
	EndGlobalSection
	GlobalSection(SolutionConfigurationPlatforms) = preSolution
		Debug|Any CPU = Debug|Any CPU
		Debug|Mixed Platforms = Debug|Mixed Platforms
		Debug|Win32 = Debug|Win32
		Debug|x86 = Debug|x86
		Release|Any CPU = Release|Any CPU
		Release|Mixed Platforms = Release|Mixed Platforms
		Release|Win32 = Release|Win32
		Release|x86 = Release|x86
	EndGlobalSection
	GlobalSection(ProjectConfigurationPlatforms) = postSolution
		{FE80B75A-1A63-4110-BB88-55F7F7BE1676}.Debug|Any CPU.ActiveCfg = Debug|Win32
		{FE80B75A-1A63-4110-BB88-55F7F7BE1676}.Debug|Mixed Platforms.ActiveCfg = Debug|Win32
		{FE80B75A-1A63-4110-BB88-55F7F7BE1676}.Debug|Mixed Platforms.Build.0 = Debug|Win32
		{FE80B75A-1A63-4110-BB88-55F7F7BE1676}.Debug|Win32.ActiveCfg = Debug|Win32
		{FE80B75A-1A63-4110-BB88-55F7F7BE1676}.Debug|Win32.Build.0 = Debug|Win32
		{FE80B75A-1A63-4110-BB88-55F7F7BE1676}.Debug|x86.ActiveCfg = Debug|Win32
		{FE80B75A-1A63-4110-BB88-55F7F7BE1676}.Release|Any CPU.ActiveCfg = Release|Win32
		{FE80B75A-1A63-4110-BB88-55F7F7BE1676}.Release|Mixed Platforms.ActiveCfg = Release|Win32
		{FE80B75A-1A63-4110-BB88-55F7F7BE1676}.Release|Mixed Platforms.Build.0 = Release|Win32
		{FE80B75A-1A63-4110-BB88-55F7F7BE1676}.Release|Win32.ActiveCfg = Release|Win32
		{FE80B75A-1A63-4110-BB88-55F7F7BE1676}.Release|Win32.Build.0 = Release|Win32
		{FE80B75A-1A63-4110-BB88-55F7F7BE1676}.Release|x86.ActiveCfg = Release|Win32
		{F299B81E-08FD-400E-A712-37FDED46F6CC}.Debug|Any CPU.ActiveCfg = Debug|x86
		{F299B81E-08FD-400E-A712-37FDED46F6CC}.Debug|Mixed Platforms.ActiveCfg = Debug|x86
		{F299B81E-08FD-400E-A712-37FDED46F6CC}.Debug|Mixed Platforms.Build.0 = Debug|x86
		{F299B81E-08FD-400E-A712-37FDED46F6CC}.Debug|Win32.ActiveCfg = Debug|x86
		{F299B81E-08FD-400E-A712-37FDED46F6CC}.Debug|x86.ActiveCfg = Debug|x86
		{F299B81E-08FD-400E-A712-37FDED46F6CC}.Debug|x86.Build.0 = Debug|x86
		{F299B81E-08FD-400E-A712-37FDED46F6CC}.Release|Any CPU.ActiveCfg = Release|x86
		{F299B81E-08FD-400E-A712-37FDED46F6CC}.Release|Mixed Platforms.ActiveCfg = Release|x86
		{F299B81E-08FD-400E-A712-37FDED46F6CC}.Release|Mixed Platforms.Build.0 = Release|x86
		{F299B81E-08FD-400E-A712-37FDED46F6CC}.Release|Win32.ActiveCfg = Release|x86
		{F299B81E-08FD-400E-A712-37FDED46F6CC}.Release|Win32.Build.0 = Release|x86
		{F299B81E-08FD-400E-A712-37FDED46F6CC}.Release|x86.ActiveCfg = Release|x86
		{F299B81E-08FD-400E-A712-37FDED46F6CC}.Release|x86.Build.0 = Release|x86
	EndGlobalSection
	GlobalSection(SolutionProperties) = preSolution
		HideSolutionNode = FALSE
	EndGlobalSection
EndGlobal
