<?xml version="1.0" encoding="utf-8"?>
<Project ToolsVersion="4.0" xmlns="http://schemas.microsoft.com/developer/msbuild/2003">
  <ItemGroup>
    <Filter Include="Source Files">
      <UniqueIdentifier>{4FC737F1-C7A5-4376-A066-2A32D752A2FF}</UniqueIdentifier>
      <Extensions>cpp;c;cc;cxx;def;odl;idl;hpj;bat;asm;asmx</Extensions>
    </Filter>
    <Filter Include="Header Files">
      <UniqueIdentifier>{93995380-89BD-4b04-88EB-625FBE52EBFB}</UniqueIdentifier>
      <Extensions>h;hpp;hxx;hm;inl;inc;xsd</Extensions>
    </Filter>
    <Filter Include="Resource Files">
      <UniqueIdentifier>{67DA6AB6-F800-4c08-8B7A-83BB121AAD01}</UniqueIdentifier>
      <Extensions>rc;ico;cur;bmp;dlg;rc2;rct;bin;rgs;gif;jpg;jpeg;jpe;resx;tiff;tif;png;wav;mfcribbon-ms</Extensions>
    </Filter>
  </ItemGroup>
  <ItemGroup>
    <ClInclude Include="resource.h">
      <Filter>Header Files</Filter>
    </ClInclude>
    <ClInclude Include="CKhepera.h">
      <Filter>Header Files</Filter>
    </ClInclude>
    <ClInclude Include="CEpuck.h">
      <Filter>Header Files</Filter>
    </ClInclude>
    <ClInclude Include="CElisa.h">
      <Filter>Header Files</Filter>
    </ClInclude>
    <ClInclude Include="CRobot.h">
      <Filter>Header Files</Filter>
    </ClInclude>
    <ClInclude Include="CCamera.h">
      <Filter>Header Files</Filter>
    </ClInclude>
    <ClInclude Include="CRoboBlob.h">
      <Filter>Header Files</Filter>
    </ClInclude>
    <ClInclude Include="CVirtualPotential.h">
      <Filter>Header Files</Filter>
    </ClInclude>
    <ClInclude Include="CStochasticLocalization.h">
      <Filter>Header Files</Filter>
    </ClInclude>
    <ClInclude Include="..\RobotSwarmGUI\bin\Debug\Algorithms\VirtualPotentialWalk.h">
      <Filter>Header Files</Filter>
    </ClInclude>
    <ClInclude Include="CAlgorithmSF.h">
      <Filter>Header Files</Filter>
    </ClInclude>
    <ClInclude Include="CGridSearch.h">
      <Filter>Header Files</Filter>
    </ClInclude>
    <ClInclude Include="CFormComm.h">
      <Filter>Header Files</Filter>
    </ClInclude>
    <ClInclude Include="CLineSearch.h">
      <Filter>Header Files</Filter>
    </ClInclude>
    <ClInclude Include="CMetropolisHastings.h">
      <Filter>Header Files</Filter>
    </ClInclude>
    <ClInclude Include="CSimulatedAnnealing.h">
      <Filter>Header Files</Filter>
    </ClInclude>
    <ClInclude Include="CEKFTest.h">
      <Filter>Header Files</Filter>
    </ClInclude>
    <ClInclude Include="CameraConfig.h">
      <Filter>Header Files</Filter>
    </ClInclude>
  </ItemGroup>
  <ItemGroup>
    <ClCompile Include="RobotSwarmDLL.cpp">
      <Filter>Source Files</Filter>
    </ClCompile>
    <ClCompile Include="AssemblyInfo.cpp">
      <Filter>Source Files</Filter>
    </ClCompile>
    <ClCompile Include="CRobot.cpp">
      <Filter>Source Files</Filter>
    </ClCompile>
    <ClCompile Include="CKhepera.cpp">
      <Filter>Source Files</Filter>
    </ClCompile>
    <ClCompile Include="CEpuck.cpp">
      <Filter>Source Files</Filter>
    </ClCompile>
    <ClCompile Include="CElisa.cpp">
      <Filter>Source Files</Filter>
    </ClCompile>
    <ClCompile Include="CCamera.cpp">
      <Filter>Source Files</Filter>
    </ClCompile>
    <ClCompile Include="CRoboBlob.cpp">
      <Filter>Source Files</Filter>
    </ClCompile>
    <ClCompile Include="CVirtualPotential.cpp">
      <Filter>Source Files</Filter>
    </ClCompile>
    <ClCompile Include="CStochasticLocalization.cpp">
      <Filter>Source Files</Filter>
    </ClCompile>
    <ClCompile Include="CAlgorithmSF.cpp">
      <Filter>Source Files</Filter>
    </ClCompile>
    <ClCompile Include="CGridSearch.cpp">
      <Filter>Source Files</Filter>
    </ClCompile>
    <ClCompile Include="CFormComm.cpp">
      <Filter>Source Files</Filter>
    </ClCompile>
    <ClCompile Include="CLineSearch.cpp">
      <Filter>Source Files</Filter>
    </ClCompile>
    <ClCompile Include="CMetropolisHastings.cpp">
      <Filter>Source Files</Filter>
    </ClCompile>
    <ClCompile Include="CSimulatedAnnealing.cpp">
      <Filter>Source Files</Filter>
    </ClCompile>
    <ClCompile Include="CEKFTest.cpp">
      <Filter>Source Files</Filter>
    </ClCompile>
  </ItemGroup>
  <ItemGroup>
    <None Include="ReadMe.txt" />
    <None Include="app.ico">
      <Filter>Resource Files</Filter>
    </None>
  </ItemGroup>
  <ItemGroup>
    <ResourceCompile Include="app.rc">
      <Filter>Resource Files</Filter>
    </ResourceCompile>
  </ItemGroup>
</Project>